
Microsoft Visual Studio Solution File, Format Version 12.00
# Visual Studio Version 17
VisualStudioVersion = 17.7.34024.191
MinimumVisualStudioVersion = 10.0.40219.1
Project("{FAE04EC0-301F-11D3-BF4B-00C04F79EFBC}") = "Uppgift 2.3", "Uppgift 2.3\Uppgift 2.3.csproj", "{B86553CE-5A4B-4851-90E1-922C8581DFC3}"
EndProject
Global
	GlobalSection(SolutionConfigurationPlatforms) = preSolution
		Debug|Any CPU = Debug|Any CPU
		Release|Any CPU = Release|Any CPU
	EndGlobalSection
	GlobalSection(ProjectConfigurationPlatforms) = postSolution
		{B86553CE-5A4B-4851-90E1-922C8581DFC3}.Debug|Any CPU.ActiveCfg = Debug|Any CPU
		{B86553CE-5A4B-4851-90E1-922C8581DFC3}.Debug|Any CPU.Build.0 = Debug|Any CPU
		{B86553CE-5A4B-4851-90E1-922C8581DFC3}.Release|Any CPU.ActiveCfg = Release|Any CPU
		{B86553CE-5A4B-4851-90E1-922C8581DFC3}.Release|Any CPU.Build.0 = Release|Any CPU
	EndGlobalSection
	GlobalSection(SolutionProperties) = preSolution
		HideSolutionNode = FALSE
	EndGlobalSection
	GlobalSection(ExtensibilityGlobals) = postSolution
		SolutionGuid = {460FA0BF-3982-4DE6-B279-F0D72328D56C}
	EndGlobalSection
EndGlobal
